
Microsoft Visual Studio Solution File, Format Version 12.00
# Visual Studio 15
VisualStudioVersion = 15.0.27703.2042
MinimumVisualStudioVersion = 10.0.40219.1
Project("{FAE04EC0-301F-11D3-BF4B-00C04F79EFBC}") = "IISLog", "IISLog\IISLog.csproj", "{4C0A1AD1-48A9-4958-8099-2B6E64C71843}"
EndProject
Global
	GlobalSection(SolutionConfigurationPlatforms) = preSolution
		Debug|Any CPU = Debug|Any CPU
		Release|Any CPU = Release|Any CPU
	EndGlobalSection
	GlobalSection(ProjectConfigurationPlatforms) = postSolution
		{4C0A1AD1-48A9-4958-8099-2B6E64C71843}.Debug|Any CPU.ActiveCfg = Debug|Any CPU
		{4C0A1AD1-48A9-4958-8099-2B6E64C71843}.Debug|Any CPU.Build.0 = Debug|Any CPU
		{4C0A1AD1-48A9-4958-8099-2B6E64C71843}.Release|Any CPU.ActiveCfg = Release|Any CPU
		{4C0A1AD1-48A9-4958-8099-2B6E64C71843}.Release|Any CPU.Build.0 = Release|Any CPU
	EndGlobalSection
	GlobalSection(SolutionProperties) = preSolution
		HideSolutionNode = FALSE
	EndGlobalSection
	GlobalSection(ExtensibilityGlobals) = postSolution
		SolutionGuid = {C0F291D7-EB4F-4C17-A05B-68212BA296DF}
	EndGlobalSection
EndGlobal
